
Microsoft Visual Studio Solution File, Format Version 12.00
# Visual Studio Version 18
VisualStudioVersion = 18.4.11620.152
MinimumVisualStudioVersion = 10.0.40219.1
Project("{9A19103F-16F7-4668-BE54-9A1E7A4F7556}") = "BussinessLogic", "BussinessLogic\BussinessLogic.csproj", "{F787A71D-2B1C-473C-97A1-02288A899232}"
EndProject
Project("{9A19103F-16F7-4668-BE54-9A1E7A4F7556}") = "DataAccessLayer", "DataAccessLayer\DataAccessLayer.csproj", "{B936B2C3-15FB-437A-BCB5-AB88BA8829E5}"
EndProject
Project("{2150E333-8FDC-42A3-9474-1A3956D46DE8}") = "Solution Items", "Solution Items", "{BE443905-88D9-4BB6-AE61-39BF4E0BBE53}"
	ProjectSection(SolutionItems) = preProject
		.editorconfig = .editorconfig
	EndProjectSection
EndProject
Project("{FAE04EC0-301F-11D3-BF4B-00C04F79EFBC}") = "FuelFlow", "ProtoOS\FuelFlow.csproj", "{F87D84E1-D0D0-9348-9375-70728BA47DA9}"
EndProject
Project("{FAE04EC0-301F-11D3-BF4B-00C04F79EFBC}") = "Safaricom_Daraja", "Safaricom_Daraja\Safaricom_Daraja.csproj", "{BEE8178C-D400-4F48-A236-11376538E1F0}"
EndProject
Global
	GlobalSection(SolutionConfigurationPlatforms) = preSolution
		Debug|Any CPU = Debug|Any CPU
		Release|Any CPU = Release|Any CPU
	EndGlobalSection
	GlobalSection(ProjectConfigurationPlatforms) = postSolution
		{F787A71D-2B1C-473C-97A1-02288A899232}.Debug|Any CPU.ActiveCfg = Debug|Any CPU
		{F787A71D-2B1C-473C-97A1-02288A899232}.Debug|Any CPU.Build.0 = Debug|Any CPU
		{F787A71D-2B1C-473C-97A1-02288A899232}.Release|Any CPU.ActiveCfg = Release|Any CPU
		{F787A71D-2B1C-473C-97A1-02288A899232}.Release|Any CPU.Build.0 = Release|Any CPU
		{B936B2C3-15FB-437A-BCB5-AB88BA8829E5}.Debug|Any CPU.ActiveCfg = Debug|Any CPU
		{B936B2C3-15FB-437A-BCB5-AB88BA8829E5}.Debug|Any CPU.Build.0 = Debug|Any CPU
		{B936B2C3-15FB-437A-BCB5-AB88BA8829E5}.Release|Any CPU.ActiveCfg = Release|Any CPU
		{B936B2C3-15FB-437A-BCB5-AB88BA8829E5}.Release|Any CPU.Build.0 = Release|Any CPU
		{F87D84E1-D0D0-9348-9375-70728BA47DA9}.Debug|Any CPU.ActiveCfg = Debug|Any CPU
		{F87D84E1-D0D0-9348-9375-70728BA47DA9}.Debug|Any CPU.Build.0 = Debug|Any CPU
		{F87D84E1-D0D0-9348-9375-70728BA47DA9}.Release|Any CPU.ActiveCfg = Release|Any CPU
		{F87D84E1-D0D0-9348-9375-70728BA47DA9}.Release|Any CPU.Build.0 = Release|Any CPU
		{BEE8178C-D400-4F48-A236-11376538E1F0}.Debug|Any CPU.ActiveCfg = Debug|Any CPU
		{BEE8178C-D400-4F48-A236-11376538E1F0}.Debug|Any CPU.Build.0 = Debug|Any CPU
		{BEE8178C-D400-4F48-A236-11376538E1F0}.Release|Any CPU.ActiveCfg = Release|Any CPU
		{BEE8178C-D400-4F48-A236-11376538E1F0}.Release|Any CPU.Build.0 = Release|Any CPU
	EndGlobalSection
	GlobalSection(SolutionProperties) = preSolution
		HideSolutionNode = FALSE
	EndGlobalSection
	GlobalSection(ExtensibilityGlobals) = postSolution
		SolutionGuid = {F36D1C3C-AD4B-4C3F-A01E-6AE615C226A1}
	EndGlobalSection
EndGlobal
